
Microsoft Visual Studio Solution File, Format Version 12.00
# Visual Studio Version 16
VisualStudioVersion = 16.0.31005.135
MinimumVisualStudioVersion = 10.0.40219.1
Project("{FAE04EC0-301F-11D3-BF4B-00C04F79EFBC}") = "CheckoutSystem", "CheckoutSystem\CheckoutSystem.csproj", "{676C4CC7-1F8E-4C0D-8923-C8D378DDC513}"
EndProject
Global
	GlobalSection(SolutionConfigurationPlatforms) = preSolution
		Debug|Any CPU = Debug|Any CPU
		Release|Any CPU = Release|Any CPU
	EndGlobalSection
	GlobalSection(ProjectConfigurationPlatforms) = postSolution
		{676C4CC7-1F8E-4C0D-8923-C8D378DDC513}.Debug|Any CPU.ActiveCfg = Debug|Any CPU
		{676C4CC7-1F8E-4C0D-8923-C8D378DDC513}.Debug|Any CPU.Build.0 = Debug|Any CPU
		{676C4CC7-1F8E-4C0D-8923-C8D378DDC513}.Release|Any CPU.ActiveCfg = Release|Any CPU
		{676C4CC7-1F8E-4C0D-8923-C8D378DDC513}.Release|Any CPU.Build.0 = Release|Any CPU
	EndGlobalSection
	GlobalSection(SolutionProperties) = preSolution
		HideSolutionNode = FALSE
	EndGlobalSection
	GlobalSection(ExtensibilityGlobals) = postSolution
		SolutionGuid = {816FEEFD-A1AC-4B0D-BB72-BAF75C06DAE7}
	EndGlobalSection
EndGlobal
